// !$*UTF8*$!
{
	archiveVersion = 1;
	classes = {
	};
	objectVersion = 56;
	objects = {

/* Begin PBXBuildFile section */
		D2EA622BA068315575A476ED /* Pods_SampleAppSwift.framework in Frameworks */ = {isa = PBXBuildFile; fileRef = 186076483385604F34CC2CCA /* Pods_SampleAppSwift.framework */; };
		ED5C265C28D8C55A00B733F0 /* AppDelegate.swift in Sources */ = {isa = PBXBuildFile; fileRef = ED5C265B28D8C55A00B733F0 /* AppDelegate.swift */; };
		ED5C265E28D8C55A00B733F0 /* SceneDelegate.swift in Sources */ = {isa = PBXBuildFile; fileRef = ED5C265D28D8C55A00B733F0 /* SceneDelegate.swift */; };
		ED5C266028D8C55A00B733F0 /* ViewController.swift in Sources */ = {isa = PBXBuildFile; fileRef = ED5C265F28D8C55A00B733F0 /* ViewController.swift */; };
		ED5C266328D8C55A00B733F0 /* Main.storyboard in Resources */ = {isa = PBXBuildFile; fileRef = ED5C266128D8C55A00B733F0 /* Main.storyboard */; };
		ED5C266528D8C55B00B733F0 /* Assets.xcassets in Resources */ = {isa = PBXBuildFile; fileRef = ED5C266428D8C55B00B733F0 /* Assets.xcassets */; };
		ED5C266828D8C55B00B733F0 /* LaunchScreen.storyboard in Resources */ = {isa = PBXBuildFile; fileRef = ED5C266628D8C55B00B733F0 /* LaunchScreen.storyboard */; };
/* End PBXBuildFile section */

/* Begin PBXFileReference section */
		186076483385604F34CC2CCA /* Pods_SampleAppSwift.framework */ = {isa = PBXFileReference; explicitFileType = wrapper.framework; includeInIndex = 0; path = Pods_SampleAppSwift.framework; sourceTree = BUILT_PRODUCTS_DIR; };
		3A068C7CCDBB5BE1270D878B /* Pods-SampleAppSwift.release.xcconfig */ = {isa = PBXFileReference; includeInIndex = 1; lastKnownFileType = text.xcconfig; name = "Pods-SampleAppSwift.release.xcconfig"; path = "Target Support Files/Pods-SampleAppSwift/Pods-SampleAppSwift.release.xcconfig"; sourceTree = "<group>"; };
		59B15F13C62CF602BCF79F69 /* Pods-SampleAppSwift.debug.xcconfig */ = {isa = PBXFileReference; includeInIndex = 1; lastKnownFileType = text.xcconfig; name = "Pods-SampleAppSwift.debug.xcconfig"; path = "Target Support Files/Pods-SampleAppSwift/Pods-SampleAppSwift.debug.xcconfig"; sourceTree = "<group>"; };
		ED5C265828D8C55A00B733F0 /* SampleAppSwift.app */ = {isa = PBXFileReference; explicitFileType = wrapper.application; includeInIndex = 0; path = SampleAppSwift.app; sourceTree = BUILT_PRODUCTS_DIR; };
		ED5C265B28D8C55A00B733F0 /* AppDelegate.swift */ = {isa = PBXFileReference; lastKnownFileType = sourcecode.swift; path = AppDelegate.swift; sourceTree = "<group>"; };
		ED5C265D28D8C55A00B733F0 /* SceneDelegate.swift */ = {isa = PBXFileReference; lastKnownFileType = sourcecode.swift; path = SceneDelegate.swift; sourceTree = "<group>"; };
		ED5C265F28D8C55A00B733F0 /* ViewController.swift */ = {isa = PBXFileReference; lastKnownFileType = sourcecode.swift; path = ViewController.swift; sourceTree = "<group>"; };
		ED5C266228D8C55A00B733F0 /* Base */ = {isa = PBXFileReference; lastKnownFileType = file.storyboard; name = Base; path = Base.lproj/Main.storyboard; sourceTree = "<group>"; };
		ED5C266428D8C55B00B733F0 /* Assets.xcassets */ = {isa = PBXFileReference; lastKnownFileType = folder.assetcatalog; path = Assets.xcassets; sourceTree = "<group>"; };
		ED5C266728D8C55B00B733F0 /* Base */ = {isa = PBXFileReference; lastKnownFileType = file.storyboard; name = Base; path = Base.lproj/LaunchScreen.storyboard; sourceTree = "<group>"; };
		ED5C266928D8C55B00B733F0 /* Info.plist */ = {isa = PBXFileReference; lastKnownFileType = text.plist.xml; path = Info.plist; sourceTree = "<group>"; };
/* End PBXFileReference section */

/* Begin PBXFrameworksBuildPhase section */
		ED5C265528D8C55A00B733F0 /* Frameworks */ = {
			isa = PBXFrameworksBuildPhase;
			buildActionMask = 2147483647;
			files = (
				D2EA622BA068315575A476ED /* Pods_SampleAppSwift.framework in Frameworks */,
			);
			runOnlyForDeploymentPostprocessing = 0;
		};
/* End PBXFrameworksBuildPhase section */

/* Begin PBXGroup section */
		01BF348A2A36F40F76FAA34B /* Pods */ = {
			isa = PBXGroup;
			children = (
				59B15F13C62CF602BCF79F69 /* Pods-SampleAppSwift.debug.xcconfig */,
				3A068C7CCDBB5BE1270D878B /* Pods-SampleAppSwift.release.xcconfig */,
			);
			name = Pods;
			path = ../../Pods;
			sourceTree = "<group>";
		};
		E61AA20562938A38D9ADD40D /* Frameworks */ = {
			isa = PBXGroup;
			children = (
				186076483385604F34CC2CCA /* Pods_SampleAppSwift.framework */,
			);
			name = Frameworks;
			sourceTree = "<group>";
		};
		ED5C264F28D8C55A00B733F0 = {
			isa = PBXGroup;
			children = (
				ED5C265A28D8C55A00B733F0 /* SampleAppSwift */,
				ED5C265928D8C55A00B733F0 /* Products */,
				01BF348A2A36F40F76FAA34B /* Pods */,
				E61AA20562938A38D9ADD40D /* Frameworks */,
			);
			sourceTree = "<group>";
		};
		ED5C265928D8C55A00B733F0 /* Products */ = {
			isa = PBXGroup;
			children = (
				ED5C265828D8C55A00B733F0 /* SampleAppSwift.app */,
			);
			name = Products;
			sourceTree = "<group>";
		};
		ED5C265A28D8C55A00B733F0 /* SampleAppSwift */ = {
			isa = PBXGroup;
			children = (
				ED5C265B28D8C55A00B733F0 /* AppDelegate.swift */,
				ED5C265D28D8C55A00B733F0 /* SceneDelegate.swift */,
				ED5C265F28D8C55A00B733F0 /* ViewController.swift */,
				ED5C266128D8C55A00B733F0 /* Main.storyboard */,
				ED5C266428D8C55B00B733F0 /* Assets.xcassets */,
				ED5C266628D8C55B00B733F0 /* LaunchScreen.storyboard */,
				ED5C266928D8C55B00B733F0 /* Info.plist */,
			);
			path = SampleAppSwift;
			sourceTree = "<group>";
		};
/* End PBXGroup section */

/* Begin PBXNativeTarget section */
		ED5C265728D8C55A00B733F0 /* SampleAppSwift */ = {
			isa = PBXNativeTarget;
			buildConfigurationList = ED5C266C28D8C55B00B733F0 /* Build configuration list for PBXNativeTarget "SampleAppSwift" */;
			buildPhases = (
				D7952F295041E14DD87D2F12 /* [CP] Check Pods Manifest.lock */,
				ED5C265428D8C55A00B733F0 /* Sources */,
				ED5C265528D8C55A00B733F0 /* Frameworks */,
				ED5C265628D8C55A00B733F0 /* Resources */,
				978820353C8AE19CF1BFD664 /* [CP] Embed Pods Frameworks */,
			);
			buildRules = (
			);
			dependencies = (
			);
			name = SampleAppSwift;
			productName = SampleAppSwift;
			productReference = ED5C265828D8C55A00B733F0 /* SampleAppSwift.app */;
			productType = "com.apple.product-type.application";
		};
/* End PBXNativeTarget section */

/* Begin PBXProject section */
		ED5C265028D8C55A00B733F0 /* Project object */ = {
			isa = PBXProject;
			attributes = {
				BuildIndependentTargetsInParallel = 1;
				LastSwiftUpdateCheck = 1400;
				LastUpgradeCheck = 1400;
				TargetAttributes = {
					ED5C265728D8C55A00B733F0 = {
						CreatedOnToolsVersion = 14.0;
					};
				};
			};
			buildConfigurationList = ED5C265328D8C55A00B733F0 /* Build configuration list for PBXProject "SampleAppSwift" */;
			compatibilityVersion = "Xcode 14.0";
			developmentRegion = en;
			hasScannedForEncodings = 0;
			knownRegions = (
				en,
				Base,
			);
			mainGroup = ED5C264F28D8C55A00B733F0;
			productRefGroup = ED5C265928D8C55A00B733F0 /* Products */;
			projectDirPath = "";
			projectRoot = "";
			targets = (
				ED5C265728D8C55A00B733F0 /* SampleAppSwift */,
			);
		};
/* End PBXProject section */

/* Begin PBXResourcesBuildPhase section */
		ED5C265628D8C55A00B733F0 /* Resources */ = {
			isa = PBXResourcesBuildPhase;
			buildActionMask = 2147483647;
			files = (
				ED5C266828D8C55B00B733F0 /* LaunchScreen.storyboard in Resources */,
				ED5C266528D8C55B00B733F0 /* Assets.xcassets in Resources */,
				ED5C266328D8C55A00B733F0 /* Main.storyboard in Resources */,
			);
			runOnlyForDeploymentPostprocessing = 0;
		};
/* End PBXResourcesBuildPhase section */

/* Begin PBXShellScriptBuildPhase section */
		978820353C8AE19CF1BFD664 /* [CP] Embed Pods Frameworks */ = {
			isa = PBXShellScriptBuildPhase;
			buildActionMask = 2147483647;
			files = (
			);
			inputFileListPaths = (
				"${PODS_ROOT}/Target Support Files/Pods-SampleAppSwift/Pods-SampleAppSwift-frameworks-${CONFIGURATION}-input-files.xcfilelist",
			);
			name = "[CP] Embed Pods Frameworks";
			outputFileListPaths = (
				"${PODS_ROOT}/Target Support Files/Pods-SampleAppSwift/Pods-SampleAppSwift-frameworks-${CONFIGURATION}-output-files.xcfilelist",
			);
			runOnlyForDeploymentPostprocessing = 0;
			shellPath = /bin/sh;
			shellScript = "\"${PODS_ROOT}/Target Support Files/Pods-SampleAppSwift/Pods-SampleAppSwift-frameworks.sh\"\n";
			showEnvVarsInLog = 0;
		};
		D7952F295041E14DD87D2F12 /* [CP] Check Pods Manifest.lock */ = {
			isa = PBXShellScriptBuildPhase;
			buildActionMask = 2147483647;
			files = (
			);
			inputFileListPaths = (
			);
			inputPaths = (
				"${PODS_PODFILE_DIR_PATH}/Podfile.lock",
				"${PODS_ROOT}/Manifest.lock",
			);
			name = "[CP] Check Pods Manifest.lock";
			outputFileListPaths = (
			);
			outputPaths = (
				"$(DERIVED_FILE_DIR)/Pods-SampleAppSwift-checkManifestLockResult.txt",
			);
			runOnlyForDeploymentPostprocessing = 0;
			shellPath = /bin/sh;
			shellScript = "diff \"${PODS_PODFILE_DIR_PATH}/Podfile.lock\" \"${PODS_ROOT}/Manifest.lock\" > /dev/null\nif [ $? != 0 ] ; then\n    # print error to STDERR\n    echo \"error: The sandbox is not in sync with the Podfile.lock. Run 'pod install' or update your CocoaPods installation.\" >&2\n    exit 1\nfi\n# This output is used by Xcode 'outputs' to avoid re-running this script phase.\necho \"SUCCESS\" > \"${SCRIPT_OUTPUT_FILE_0}\"\n";
			showEnvVarsInLog = 0;
		};
/* End PBXShellScriptBuildPhase section */

/* Begin PBXSourcesBuildPhase section */
		ED5C265428D8C55A00B733F0 /* Sources */ = {
			isa = PBXSourcesBuildPhase;
			buildActionMask = 2147483647;
			files = (
				ED5C266028D8C55A00B733F0 /* ViewController.swift in Sources */,
				ED5C265C28D8C55A00B733F0 /* AppDelegate.swift in Sources */,
				ED5C265E28D8C55A00B733F0 /* SceneDelegate.swift in Sources */,
			);
			runOnlyForDeploymentPostprocessing = 0;
		};
/* End PBXSourcesBuildPhase section */

/* Begin PBXVariantGroup section */
		ED5C266128D8C55A00B733F0 /* Main.storyboard */ = {
			isa = PBXVariantGroup;
			children = (
				ED5C266228D8C55A00B733F0 /* Base */,
			);
			name = Main.storyboard;
			sourceTree = "<group>";
		};
		ED5C266628D8C55B00B733F0 /* LaunchScreen.storyboard */ = {
			isa = PBXVariantGroup;
			children = (
				ED5C266728D8C55B00B733F0 /* Base */,
			);
			name = LaunchScreen.storyboard;
			sourceTree = "<group>";
		};
/* End PBXVariantGroup section */

/* Begin XCBuildConfiguration section */
		ED5C266A28D8C55B00B733F0 /* Debug */ = {
			isa = XCBuildConfiguration;
			buildSettings = {
				ALWAYS_SEARCH_USER_PATHS = NO;
				CLANG_ANALYZER_NONNULL = YES;
				CLANG_ANALYZER_NUMBER_OBJECT_CONVERSION = YES_AGGRESSIVE;
				CLANG_CXX_LANGUAGE_STANDARD = "gnu++20";
				CLANG_ENABLE_MODULES = YES;
				CLANG_ENABLE_OBJC_ARC = YES;
				CLANG_ENABLE_OBJC_WEAK = YES;
				CLANG_WARN_BLOCK_CAPTURE_AUTORELEASING = YES;
				CLANG_WARN_BOOL_CONVERSION = YES;
				CLANG_WARN_COMMA = YES;
				CLANG_WARN_CONSTANT_CONVERSION = YES;
				CLANG_WARN_DEPRECATED_OBJC_IMPLEMENTATIONS = YES;
				CLANG_WARN_DIRECT_OBJC_ISA_USAGE = YES_ERROR;
				CLANG_WARN_DOCUMENTATION_COMMENTS = YES;
				CLANG_WARN_EMPTY_BODY = YES;
				CLANG_WARN_ENUM_CONVERSION = YES;
				CLANG_WARN_INFINITE_RECURSION = YES;
				CLANG_WARN_INT_CONVERSION = YES;
				CLANG_WARN_NON_LITERAL_NULL_CONVERSION = YES;
				CLANG_WARN_OBJC_IMPLICIT_RETAIN_SELF = YES;
				CLANG_WARN_OBJC_LITERAL_CONVERSION = YES;
				CLANG_WARN_OBJC_ROOT_CLASS = YES_ERROR;
				CLANG_WARN_QUOTED_INCLUDE_IN_FRAMEWORK_HEADER = YES;
				CLANG_WARN_RANGE_LOOP_ANALYSIS = YES;
				CLANG_WARN_STRICT_PROTOTYPES = YES;
				CLANG_WARN_SUSPICIOUS_MOVE = YES;
				CLANG_WARN_UNGUARDED_AVAILABILITY = YES_AGGRESSIVE;
				CLANG_WARN_UNREACHABLE_CODE = YES;
				CLANG_WARN__DUPLICATE_METHOD_MATCH = YES;
				COPY_PHASE_STRIP = NO;
				DEBUG_INFORMATION_FORMAT = dwarf;
				ENABLE_STRICT_OBJC_MSGSEND = YES;
				ENABLE_TESTABILITY = YES;
				GCC_C_LANGUAGE_STANDARD = gnu11;
				GCC_DYNAMIC_NO_PIC = NO;
				GCC_NO_COMMON_BLOCKS = YES;
				GCC_OPTIMIZATION_LEVEL = 0;
				GCC_PREPROCESSOR_DEFINITIONS = (
					"DEBUG=1",
					"$(inherited)",
				);
				GCC_WARN_64_TO_32_BIT_CONVERSION = YES;
				GCC_WARN_ABOUT_RETURN_TYPE = YES_ERROR;
				GCC_WARN_UNDECLARED_SELECTOR = YES;
				GCC_WARN_UNINITIALIZED_AUTOS = YES_AGGRESSIVE;
				GCC_WARN_UNUSED_FUNCTION = YES;
				GCC_WARN_UNUSED_VARIABLE = YES;
				IPHONEOS_DEPLOYMENT_TARGET = 16.0;
				MTL_ENABLE_DEBUG_INFO = INCLUDE_SOURCE;
				MTL_FAST_MATH = YES;
				ONLY_ACTIVE_ARCH = YES;
				SDKROOT = iphoneos;
				SWIFT_ACTIVE_COMPILATION_CONDITIONS = DEBUG;
				SWIFT_OPTIMIZATION_LEVEL = "-Onone";
			};
			name = Debug;
		};
		ED5C266B28D8C55B00B733F0 /* Release */ = {
			isa = XCBuildConfiguration;
			buildSettings = {
				ALWAYS_SEARCH_USER_PATHS = NO;
				CLANG_ANALYZER_NONNULL = YES;
				CLANG_ANALYZER_NUMBER_OBJECT_CONVERSION = YES_AGGRESSIVE;
				CLANG_CXX_LANGUAGE_STANDARD = "gnu++20";
				CLANG_ENABLE_MODULES = YES;
				CLANG_ENABLE_OBJC_ARC = YES;
				CLANG_ENABLE_OBJC_WEAK = YES;
				CLANG_WARN_BLOCK_CAPTURE_AUTORELEASING = YES;
				CLANG_WARN_BOOL_CONVERSION = YES;
				CLANG_WARN_COMMA = YES;
				CLANG_WARN_CONSTANT_CONVERSION = YES;
				CLANG_WARN_DEPRECATED_OBJC_IMPLEMENTATIONS = YES;
				CLANG_WARN_DIRECT_OBJC_ISA_USAGE = YES_ERROR;
				CLANG_WARN_DOCUMENTATION_COMMENTS = YES;
				CLANG_WARN_EMPTY_BODY = YES;
				CLANG_WARN_ENUM_CONVERSION = YES;
				CLANG_WARN_INFINITE_RECURSION = YES;
				CLANG_WARN_INT_CONVERSION = YES;
				CLANG_WARN_NON_LITERAL_NULL_CONVERSION = YES;
				CLANG_WARN_OBJC_IMPLICIT_RETAIN_SELF = YES;
				CLANG_WARN_OBJC_LITERAL_CONVERSION = YES;
				CLANG_WARN_OBJC_ROOT_CLASS = YES_ERROR;
				CLANG_WARN_QUOTED_INCLUDE_IN_FRAMEWORK_HEADER = YES;
				CLANG_WARN_RANGE_LOOP_ANALYSIS = YES;
				CLANG_WARN_STRICT_PROTOTYPES = YES;
				CLANG_WARN_SUSPICIOUS_MOVE = YES;
				CLANG_WARN_UNGUARDED_AVAILABILITY = YES_AGGRESSIVE;
				CLANG_WARN_UNREACHABLE_CODE = YES;
				CLANG_WARN__DUPLICATE_METHOD_MATCH = YES;
				COPY_PHASE_STRIP = NO;
				DEBUG_INFORMATION_FORMAT = "dwarf-with-dsym";
				ENABLE_NS_ASSERTIONS = NO;
				ENABLE_STRICT_OBJC_MSGSEND = YES;
				GCC_C_LANGUAGE_STANDARD = gnu11;
				GCC_NO_COMMON_BLOCKS = YES;
				GCC_WARN_64_TO_32_BIT_CONVERSION = YES;
				GCC_WARN_ABOUT_RETURN_TYPE = YES_ERROR;
				GCC_WARN_UNDECLARED_SELECTOR = YES;
				GCC_WARN_UNINITIALIZED_AUTOS = YES_AGGRESSIVE;
				GCC_WARN_UNUSED_FUNCTION = YES;
				GCC_WARN_UNUSED_VARIABLE = YES;
				IPHONEOS_DEPLOYMENT_TARGET = 16.0;
				MTL_ENABLE_DEBUG_INFO = NO;
				MTL_FAST_MATH = YES;
				SDKROOT = iphoneos;
				SWIFT_COMPILATION_MODE = wholemodule;
				SWIFT_OPTIMIZATION_LEVEL = "-O";
				VALIDATE_PRODUCT = YES;
			};
			name = Release;
		};
		ED5C266D28D8C55B00B733F0 /* Debug */ = {
			isa = XCBuildConfiguration;
			baseConfigurationReference = 59B15F13C62CF602BCF79F69 /* Pods-SampleAppSwift.debug.xcconfig */;
			buildSettings = {
				ASSETCATALOG_COMPILER_APPICON_NAME = AppIcon;
				ASSETCATALOG_COMPILER_GLOBAL_ACCENT_COLOR_NAME = AccentColor;
				CODE_SIGN_STYLE = Automatic;
				CURRENT_PROJECT_VERSION = 2;
				GENERATE_INFOPLIST_FILE = YES;
				INFOPLIST_FILE = SampleAppSwift/Info.plist;
				INFOPLIST_KEY_UIApplicationSupportsIndirectInputEvents = YES;
				INFOPLIST_KEY_UILaunchStoryboardName = LaunchScreen;
				INFOPLIST_KEY_UIMainStoryboardFile = Main;
				INFOPLIST_KEY_UISupportedInterfaceOrientations_iPad = "UIInterfaceOrientationPortrait UIInterfaceOrientationPortraitUpsideDown UIInterfaceOrientationLandscapeLeft UIInterfaceOrientationLandscapeRight";
				INFOPLIST_KEY_UISupportedInterfaceOrientations_iPhone = "UIInterfaceOrientationPortrait UIInterfaceOrientationLandscapeLeft UIInterfaceOrientationLandscapeRight";
				LD_RUNPATH_SEARCH_PATHS = (
					"$(inherited)",
					"@executable_path/Frameworks",
				);
				MARKETING_VERSION = 2.0.0;
				PRODUCT_BUNDLE_IDENTIFIER = com.rudderstack.SampleAppSwift;
				PRODUCT_NAME = "$(TARGET_NAME)";
				SWIFT_EMIT_LOC_STRINGS = YES;
				SWIFT_VERSION = 5.0;
				TARGETED_DEVICE_FAMILY = "1,2";
			};
			name = Debug;
		};
		ED5C266E28D8C55B00B733F0 /* Release */ = {
			isa = XCBuildConfiguration;
			baseConfigurationReference = 3A068C7CCDBB5BE1270D878B /* Pods-SampleAppSwift.release.xcconfig */;
			buildSettings = {
				ASSETCATALOG_COMPILER_APPICON_NAME = AppIcon;
				ASSETCATALOG_COMPILER_GLOBAL_ACCENT_COLOR_NAME = AccentColor;
				CODE_SIGN_STYLE = Automatic;
				CURRENT_PROJECT_VERSION = 2;
				GENERATE_INFOPLIST_FILE = YES;
				INFOPLIST_FILE = SampleAppSwift/Info.plist;
				INFOPLIST_KEY_UIApplicationSupportsIndirectInputEvents = YES;
				INFOPLIST_KEY_UILaunchStoryboardName = LaunchScreen;
				INFOPLIST_KEY_UIMainStoryboardFile = Main;
				INFOPLIST_KEY_UISupportedInterfaceOrientations_iPad = "UIInterfaceOrientationPortrait UIInterfaceOrientationPortraitUpsideDown UIInterfaceOrientationLandscapeLeft UIInterfaceOrientationLandscapeRight";
				INFOPLIST_KEY_UISupportedInterfaceOrientations_iPhone = "UIInterfaceOrientationPortrait UIInterfaceOrientationLandscapeLeft UIInterfaceOrientationLandscapeRight";
				LD_RUNPATH_SEARCH_PATHS = (
					"$(inherited)",
					"@executable_path/Frameworks",
				);
				MARKETING_VERSION = 2.0.0;
				PRODUCT_BUNDLE_IDENTIFIER = com.rudderstack.SampleAppSwift;
				PRODUCT_NAME = "$(TARGET_NAME)";
				SWIFT_EMIT_LOC_STRINGS = YES;
				SWIFT_VERSION = 5.0;
				TARGETED_DEVICE_FAMILY = "1,2";
			};
			name = Release;
		};
/* End XCBuildConfiguration section */

/* Begin XCConfigurationList section */
		ED5C265328D8C55A00B733F0 /* Build configuration list for PBXProject "SampleAppSwift" */ = {
			isa = XCConfigurationList;
			buildConfigurations = (
				ED5C266A28D8C55B00B733F0 /* Debug */,
				ED5C266B28D8C55B00B733F0 /* Release */,
			);
			defaultConfigurationIsVisible = 0;
			defaultConfigurationName = Release;
		};
		ED5C266C28D8C55B00B733F0 /* Build configuration list for PBXNativeTarget "SampleAppSwift" */ = {
			isa = XCConfigurationList;
			buildConfigurations = (
				ED5C266D28D8C55B00B733F0 /* Debug */,
				ED5C266E28D8C55B00B733F0 /* Release */,
			);
			defaultConfigurationIsVisible = 0;
			defaultConfigurationName = Release;
		};
/* End XCConfigurationList section */
	};
	rootObject = ED5C265028D8C55A00B733F0 /* Project object */;
}
