// !$*UTF8*$!
{
	archiveVersion = 1;
	classes = {
	};
	objectVersion = 56;
	objects = {

/* Begin PBXBuildFile section */
		5D782412E1CD6862953E61DD /* Pods_SampleAppObjC.framework in Frameworks */ = {isa = PBXBuildFile; fileRef = 5CB3C621676FB1775B14E34C /* Pods_SampleAppObjC.framework */; };
		ED5C263828D8C50700B733F0 /* AppDelegate.m in Sources */ = {isa = PBXBuildFile; fileRef = ED5C263728D8C50700B733F0 /* AppDelegate.m */; };
		ED5C263B28D8C50800B733F0 /* SceneDelegate.m in Sources */ = {isa = PBXBuildFile; fileRef = ED5C263A28D8C50800B733F0 /* SceneDelegate.m */; };
		ED5C263E28D8C50800B733F0 /* ViewController.m in Sources */ = {isa = PBXBuildFile; fileRef = ED5C263D28D8C50800B733F0 /* ViewController.m */; };
		ED5C264128D8C50800B733F0 /* Main.storyboard in Resources */ = {isa = PBXBuildFile; fileRef = ED5C263F28D8C50800B733F0 /* Main.storyboard */; };
		ED5C264328D8C50800B733F0 /* Assets.xcassets in Resources */ = {isa = PBXBuildFile; fileRef = ED5C264228D8C50800B733F0 /* Assets.xcassets */; };
		ED5C264628D8C50800B733F0 /* LaunchScreen.storyboard in Resources */ = {isa = PBXBuildFile; fileRef = ED5C264428D8C50800B733F0 /* LaunchScreen.storyboard */; };
		ED5C264928D8C50800B733F0 /* main.m in Sources */ = {isa = PBXBuildFile; fileRef = ED5C264828D8C50800B733F0 /* main.m */; };
		EDBC209528FA8C86003152D8 /* Configuration.json in Resources */ = {isa = PBXBuildFile; fileRef = EDBC209428FA8C86003152D8 /* Configuration.json */; };
		EDBC209828FA8EB0003152D8 /* Configuration.m in Sources */ = {isa = PBXBuildFile; fileRef = EDBC209728FA8EB0003152D8 /* Configuration.m */; };
/* End PBXBuildFile section */

/* Begin PBXFileReference section */
		5CB3C621676FB1775B14E34C /* Pods_SampleAppObjC.framework */ = {isa = PBXFileReference; explicitFileType = wrapper.framework; includeInIndex = 0; path = Pods_SampleAppObjC.framework; sourceTree = BUILT_PRODUCTS_DIR; };
		7F477336696C40D52A5BBB6F /* Pods-SampleAppObjC.debug.xcconfig */ = {isa = PBXFileReference; includeInIndex = 1; lastKnownFileType = text.xcconfig; name = "Pods-SampleAppObjC.debug.xcconfig"; path = "Target Support Files/Pods-SampleAppObjC/Pods-SampleAppObjC.debug.xcconfig"; sourceTree = "<group>"; };
		CF6D120243FDF3D8927D77F5 /* Pods-SampleAppObjC.release.xcconfig */ = {isa = PBXFileReference; includeInIndex = 1; lastKnownFileType = text.xcconfig; name = "Pods-SampleAppObjC.release.xcconfig"; path = "Target Support Files/Pods-SampleAppObjC/Pods-SampleAppObjC.release.xcconfig"; sourceTree = "<group>"; };
		ED5C263328D8C50700B733F0 /* SampleAppObjC.app */ = {isa = PBXFileReference; explicitFileType = wrapper.application; includeInIndex = 0; path = SampleAppObjC.app; sourceTree = BUILT_PRODUCTS_DIR; };
		ED5C263628D8C50700B733F0 /* AppDelegate.h */ = {isa = PBXFileReference; lastKnownFileType = sourcecode.c.h; path = AppDelegate.h; sourceTree = "<group>"; };
		ED5C263728D8C50700B733F0 /* AppDelegate.m */ = {isa = PBXFileReference; lastKnownFileType = sourcecode.c.objc; path = AppDelegate.m; sourceTree = "<group>"; };
		ED5C263928D8C50700B733F0 /* SceneDelegate.h */ = {isa = PBXFileReference; lastKnownFileType = sourcecode.c.h; path = SceneDelegate.h; sourceTree = "<group>"; };
		ED5C263A28D8C50800B733F0 /* SceneDelegate.m */ = {isa = PBXFileReference; lastKnownFileType = sourcecode.c.objc; path = SceneDelegate.m; sourceTree = "<group>"; };
		ED5C263C28D8C50800B733F0 /* ViewController.h */ = {isa = PBXFileReference; lastKnownFileType = sourcecode.c.h; path = ViewController.h; sourceTree = "<group>"; };
		ED5C263D28D8C50800B733F0 /* ViewController.m */ = {isa = PBXFileReference; lastKnownFileType = sourcecode.c.objc; path = ViewController.m; sourceTree = "<group>"; };
		ED5C264028D8C50800B733F0 /* Base */ = {isa = PBXFileReference; lastKnownFileType = file.storyboard; name = Base; path = Base.lproj/Main.storyboard; sourceTree = "<group>"; };
		ED5C264228D8C50800B733F0 /* Assets.xcassets */ = {isa = PBXFileReference; lastKnownFileType = folder.assetcatalog; path = Assets.xcassets; sourceTree = "<group>"; };
		ED5C264528D8C50800B733F0 /* Base */ = {isa = PBXFileReference; lastKnownFileType = file.storyboard; name = Base; path = Base.lproj/LaunchScreen.storyboard; sourceTree = "<group>"; };
		ED5C264728D8C50800B733F0 /* Info.plist */ = {isa = PBXFileReference; lastKnownFileType = text.plist.xml; path = Info.plist; sourceTree = "<group>"; };
		ED5C264828D8C50800B733F0 /* main.m */ = {isa = PBXFileReference; lastKnownFileType = sourcecode.c.objc; path = main.m; sourceTree = "<group>"; };
		EDBC209428FA8C86003152D8 /* Configuration.json */ = {isa = PBXFileReference; fileEncoding = 4; lastKnownFileType = text.json; name = Configuration.json; path = ../../../Configuration.json; sourceTree = "<group>"; };
		EDBC209628FA8EB0003152D8 /* Configuration.h */ = {isa = PBXFileReference; lastKnownFileType = sourcecode.c.h; path = Configuration.h; sourceTree = "<group>"; };
		EDBC209728FA8EB0003152D8 /* Configuration.m */ = {isa = PBXFileReference; lastKnownFileType = sourcecode.c.objc; path = Configuration.m; sourceTree = "<group>"; };
/* End PBXFileReference section */

/* Begin PBXFrameworksBuildPhase section */
		ED5C263028D8C50700B733F0 /* Frameworks */ = {
			isa = PBXFrameworksBuildPhase;
			buildActionMask = 2147483647;
			files = (
				5D782412E1CD6862953E61DD /* Pods_SampleAppObjC.framework in Frameworks */,
			);
			runOnlyForDeploymentPostprocessing = 0;
		};
/* End PBXFrameworksBuildPhase section */

/* Begin PBXGroup section */
		25DF51CFBDF5D33BBEAED9EC /* Pods */ = {
			isa = PBXGroup;
			children = (
				7F477336696C40D52A5BBB6F /* Pods-SampleAppObjC.debug.xcconfig */,
				CF6D120243FDF3D8927D77F5 /* Pods-SampleAppObjC.release.xcconfig */,
			);
			name = Pods;
			path = ../../Pods;
			sourceTree = "<group>";
		};
		27661927A8620F386957833D /* Frameworks */ = {
			isa = PBXGroup;
			children = (
				5CB3C621676FB1775B14E34C /* Pods_SampleAppObjC.framework */,
			);
			name = Frameworks;
			sourceTree = "<group>";
		};
		ED5C262A28D8C50700B733F0 = {
			isa = PBXGroup;
			children = (
				ED5C263528D8C50700B733F0 /* SampleAppObjC */,
				ED5C263428D8C50700B733F0 /* Products */,
				25DF51CFBDF5D33BBEAED9EC /* Pods */,
				27661927A8620F386957833D /* Frameworks */,
			);
			sourceTree = "<group>";
		};
		ED5C263428D8C50700B733F0 /* Products */ = {
			isa = PBXGroup;
			children = (
				ED5C263328D8C50700B733F0 /* SampleAppObjC.app */,
			);
			name = Products;
			sourceTree = "<group>";
		};
		ED5C263528D8C50700B733F0 /* SampleAppObjC */ = {
			isa = PBXGroup;
			children = (
				EDBC209428FA8C86003152D8 /* Configuration.json */,
				ED5C263628D8C50700B733F0 /* AppDelegate.h */,
				ED5C263728D8C50700B733F0 /* AppDelegate.m */,
				EDBC209628FA8EB0003152D8 /* Configuration.h */,
				EDBC209728FA8EB0003152D8 /* Configuration.m */,
				ED5C263928D8C50700B733F0 /* SceneDelegate.h */,
				ED5C263A28D8C50800B733F0 /* SceneDelegate.m */,
				ED5C263C28D8C50800B733F0 /* ViewController.h */,
				ED5C263D28D8C50800B733F0 /* ViewController.m */,
				ED5C263F28D8C50800B733F0 /* Main.storyboard */,
				ED5C264228D8C50800B733F0 /* Assets.xcassets */,
				ED5C264428D8C50800B733F0 /* LaunchScreen.storyboard */,
				ED5C264728D8C50800B733F0 /* Info.plist */,
				ED5C264828D8C50800B733F0 /* main.m */,
			);
			path = SampleAppObjC;
			sourceTree = "<group>";
		};
/* End PBXGroup section */

/* Begin PBXNativeTarget section */
		ED5C263228D8C50700B733F0 /* SampleAppObjC */ = {
			isa = PBXNativeTarget;
			buildConfigurationList = ED5C264C28D8C50800B733F0 /* Build configuration list for PBXNativeTarget "SampleAppObjC" */;
			buildPhases = (
				C870281D0696F5EC7ACEC54A /* [CP] Check Pods Manifest.lock */,
				ED5C262F28D8C50700B733F0 /* Sources */,
				ED5C263028D8C50700B733F0 /* Frameworks */,
				ED5C263128D8C50700B733F0 /* Resources */,
				1EB383D37DC02CA1D766C3A6 /* [CP] Embed Pods Frameworks */,
			);
			buildRules = (
			);
			dependencies = (
			);
			name = SampleAppObjC;
			productName = SampleAppObjC;
			productReference = ED5C263328D8C50700B733F0 /* SampleAppObjC.app */;
			productType = "com.apple.product-type.application";
		};
/* End PBXNativeTarget section */

/* Begin PBXProject section */
		ED5C262B28D8C50700B733F0 /* Project object */ = {
			isa = PBXProject;
			attributes = {
				BuildIndependentTargetsInParallel = 1;
				LastUpgradeCheck = 1400;
				TargetAttributes = {
					ED5C263228D8C50700B733F0 = {
						CreatedOnToolsVersion = 14.0;
					};
				};
			};
			buildConfigurationList = ED5C262E28D8C50700B733F0 /* Build configuration list for PBXProject "SampleAppObjC" */;
			compatibilityVersion = "Xcode 14.0";
			developmentRegion = en;
			hasScannedForEncodings = 0;
			knownRegions = (
				en,
				Base,
			);
			mainGroup = ED5C262A28D8C50700B733F0;
			productRefGroup = ED5C263428D8C50700B733F0 /* Products */;
			projectDirPath = "";
			projectRoot = "";
			targets = (
				ED5C263228D8C50700B733F0 /* SampleAppObjC */,
			);
		};
/* End PBXProject section */

/* Begin PBXResourcesBuildPhase section */
		ED5C263128D8C50700B733F0 /* Resources */ = {
			isa = PBXResourcesBuildPhase;
			buildActionMask = 2147483647;
			files = (
				ED5C264628D8C50800B733F0 /* LaunchScreen.storyboard in Resources */,
				ED5C264328D8C50800B733F0 /* Assets.xcassets in Resources */,
				EDBC209528FA8C86003152D8 /* Configuration.json in Resources */,
				ED5C264128D8C50800B733F0 /* Main.storyboard in Resources */,
			);
			runOnlyForDeploymentPostprocessing = 0;
		};
/* End PBXResourcesBuildPhase section */

/* Begin PBXShellScriptBuildPhase section */
		1EB383D37DC02CA1D766C3A6 /* [CP] Embed Pods Frameworks */ = {
			isa = PBXShellScriptBuildPhase;
			buildActionMask = 2147483647;
			files = (
			);
			inputFileListPaths = (
				"${PODS_ROOT}/Target Support Files/Pods-SampleAppObjC/Pods-SampleAppObjC-frameworks-${CONFIGURATION}-input-files.xcfilelist",
			);
			name = "[CP] Embed Pods Frameworks";
			outputFileListPaths = (
				"${PODS_ROOT}/Target Support Files/Pods-SampleAppObjC/Pods-SampleAppObjC-frameworks-${CONFIGURATION}-output-files.xcfilelist",
			);
			runOnlyForDeploymentPostprocessing = 0;
			shellPath = /bin/sh;
			shellScript = "\"${PODS_ROOT}/Target Support Files/Pods-SampleAppObjC/Pods-SampleAppObjC-frameworks.sh\"\n";
			showEnvVarsInLog = 0;
		};
		C870281D0696F5EC7ACEC54A /* [CP] Check Pods Manifest.lock */ = {
			isa = PBXShellScriptBuildPhase;
			buildActionMask = 2147483647;
			files = (
			);
			inputFileListPaths = (
			);
			inputPaths = (
				"${PODS_PODFILE_DIR_PATH}/Podfile.lock",
				"${PODS_ROOT}/Manifest.lock",
			);
			name = "[CP] Check Pods Manifest.lock";
			outputFileListPaths = (
			);
			outputPaths = (
				"$(DERIVED_FILE_DIR)/Pods-SampleAppObjC-checkManifestLockResult.txt",
			);
			runOnlyForDeploymentPostprocessing = 0;
			shellPath = /bin/sh;
			shellScript = "diff \"${PODS_PODFILE_DIR_PATH}/Podfile.lock\" \"${PODS_ROOT}/Manifest.lock\" > /dev/null\nif [ $? != 0 ] ; then\n    # print error to STDERR\n    echo \"error: The sandbox is not in sync with the Podfile.lock. Run 'pod install' or update your CocoaPods installation.\" >&2\n    exit 1\nfi\n# This output is used by Xcode 'outputs' to avoid re-running this script phase.\necho \"SUCCESS\" > \"${SCRIPT_OUTPUT_FILE_0}\"\n";
			showEnvVarsInLog = 0;
		};
/* End PBXShellScriptBuildPhase section */

/* Begin PBXSourcesBuildPhase section */
		ED5C262F28D8C50700B733F0 /* Sources */ = {
			isa = PBXSourcesBuildPhase;
			buildActionMask = 2147483647;
			files = (
				EDBC209828FA8EB0003152D8 /* Configuration.m in Sources */,
				ED5C263E28D8C50800B733F0 /* ViewController.m in Sources */,
				ED5C263828D8C50700B733F0 /* AppDelegate.m in Sources */,
				ED5C264928D8C50800B733F0 /* main.m in Sources */,
				ED5C263B28D8C50800B733F0 /* SceneDelegate.m in Sources */,
			);
			runOnlyForDeploymentPostprocessing = 0;
		};
/* End PBXSourcesBuildPhase section */

/* Begin PBXVariantGroup section */
		ED5C263F28D8C50800B733F0 /* Main.storyboard */ = {
			isa = PBXVariantGroup;
			children = (
				ED5C264028D8C50800B733F0 /* Base */,
			);
			name = Main.storyboard;
			sourceTree = "<group>";
		};
		ED5C264428D8C50800B733F0 /* LaunchScreen.storyboard */ = {
			isa = PBXVariantGroup;
			children = (
				ED5C264528D8C50800B733F0 /* Base */,
			);
			name = LaunchScreen.storyboard;
			sourceTree = "<group>";
		};
/* End PBXVariantGroup section */

/* Begin XCBuildConfiguration section */
		ED5C264A28D8C50800B733F0 /* Debug */ = {
			isa = XCBuildConfiguration;
			buildSettings = {
				ALWAYS_SEARCH_USER_PATHS = NO;
				CLANG_ANALYZER_NONNULL = YES;
				CLANG_ANALYZER_NUMBER_OBJECT_CONVERSION = YES_AGGRESSIVE;
				CLANG_CXX_LANGUAGE_STANDARD = "gnu++20";
				CLANG_ENABLE_MODULES = YES;
				CLANG_ENABLE_OBJC_ARC = YES;
				CLANG_ENABLE_OBJC_WEAK = YES;
				CLANG_WARN_BLOCK_CAPTURE_AUTORELEASING = YES;
				CLANG_WARN_BOOL_CONVERSION = YES;
				CLANG_WARN_COMMA = YES;
				CLANG_WARN_CONSTANT_CONVERSION = YES;
				CLANG_WARN_DEPRECATED_OBJC_IMPLEMENTATIONS = YES;
				CLANG_WARN_DIRECT_OBJC_ISA_USAGE = YES_ERROR;
				CLANG_WARN_DOCUMENTATION_COMMENTS = YES;
				CLANG_WARN_EMPTY_BODY = YES;
				CLANG_WARN_ENUM_CONVERSION = YES;
				CLANG_WARN_INFINITE_RECURSION = YES;
				CLANG_WARN_INT_CONVERSION = YES;
				CLANG_WARN_NON_LITERAL_NULL_CONVERSION = YES;
				CLANG_WARN_OBJC_IMPLICIT_RETAIN_SELF = YES;
				CLANG_WARN_OBJC_LITERAL_CONVERSION = YES;
				CLANG_WARN_OBJC_ROOT_CLASS = YES_ERROR;
				CLANG_WARN_QUOTED_INCLUDE_IN_FRAMEWORK_HEADER = YES;
				CLANG_WARN_RANGE_LOOP_ANALYSIS = YES;
				CLANG_WARN_STRICT_PROTOTYPES = YES;
				CLANG_WARN_SUSPICIOUS_MOVE = YES;
				CLANG_WARN_UNGUARDED_AVAILABILITY = YES_AGGRESSIVE;
				CLANG_WARN_UNREACHABLE_CODE = YES;
				CLANG_WARN__DUPLICATE_METHOD_MATCH = YES;
				COPY_PHASE_STRIP = NO;
				DEBUG_INFORMATION_FORMAT = dwarf;
				ENABLE_STRICT_OBJC_MSGSEND = YES;
				ENABLE_TESTABILITY = YES;
				GCC_C_LANGUAGE_STANDARD = gnu11;
				GCC_DYNAMIC_NO_PIC = NO;
				GCC_NO_COMMON_BLOCKS = YES;
				GCC_OPTIMIZATION_LEVEL = 0;
				GCC_PREPROCESSOR_DEFINITIONS = (
					"DEBUG=1",
					"$(inherited)",
				);
				GCC_WARN_64_TO_32_BIT_CONVERSION = YES;
				GCC_WARN_ABOUT_RETURN_TYPE = YES_ERROR;
				GCC_WARN_UNDECLARED_SELECTOR = YES;
				GCC_WARN_UNINITIALIZED_AUTOS = YES_AGGRESSIVE;
				GCC_WARN_UNUSED_FUNCTION = YES;
				GCC_WARN_UNUSED_VARIABLE = YES;
				IPHONEOS_DEPLOYMENT_TARGET = 16.0;
				MTL_ENABLE_DEBUG_INFO = INCLUDE_SOURCE;
				MTL_FAST_MATH = YES;
				ONLY_ACTIVE_ARCH = YES;
				SDKROOT = iphoneos;
			};
			name = Debug;
		};
		ED5C264B28D8C50800B733F0 /* Release */ = {
			isa = XCBuildConfiguration;
			buildSettings = {
				ALWAYS_SEARCH_USER_PATHS = NO;
				CLANG_ANALYZER_NONNULL = YES;
				CLANG_ANALYZER_NUMBER_OBJECT_CONVERSION = YES_AGGRESSIVE;
				CLANG_CXX_LANGUAGE_STANDARD = "gnu++20";
				CLANG_ENABLE_MODULES = YES;
				CLANG_ENABLE_OBJC_ARC = YES;
				CLANG_ENABLE_OBJC_WEAK = YES;
				CLANG_WARN_BLOCK_CAPTURE_AUTORELEASING = YES;
				CLANG_WARN_BOOL_CONVERSION = YES;
				CLANG_WARN_COMMA = YES;
				CLANG_WARN_CONSTANT_CONVERSION = YES;
				CLANG_WARN_DEPRECATED_OBJC_IMPLEMENTATIONS = YES;
				CLANG_WARN_DIRECT_OBJC_ISA_USAGE = YES_ERROR;
				CLANG_WARN_DOCUMENTATION_COMMENTS = YES;
				CLANG_WARN_EMPTY_BODY = YES;
				CLANG_WARN_ENUM_CONVERSION = YES;
				CLANG_WARN_INFINITE_RECURSION = YES;
				CLANG_WARN_INT_CONVERSION = YES;
				CLANG_WARN_NON_LITERAL_NULL_CONVERSION = YES;
				CLANG_WARN_OBJC_IMPLICIT_RETAIN_SELF = YES;
				CLANG_WARN_OBJC_LITERAL_CONVERSION = YES;
				CLANG_WARN_OBJC_ROOT_CLASS = YES_ERROR;
				CLANG_WARN_QUOTED_INCLUDE_IN_FRAMEWORK_HEADER = YES;
				CLANG_WARN_RANGE_LOOP_ANALYSIS = YES;
				CLANG_WARN_STRICT_PROTOTYPES = YES;
				CLANG_WARN_SUSPICIOUS_MOVE = YES;
				CLANG_WARN_UNGUARDED_AVAILABILITY = YES_AGGRESSIVE;
				CLANG_WARN_UNREACHABLE_CODE = YES;
				CLANG_WARN__DUPLICATE_METHOD_MATCH = YES;
				COPY_PHASE_STRIP = NO;
				DEBUG_INFORMATION_FORMAT = "dwarf-with-dsym";
				ENABLE_NS_ASSERTIONS = NO;
				ENABLE_STRICT_OBJC_MSGSEND = YES;
				GCC_C_LANGUAGE_STANDARD = gnu11;
				GCC_NO_COMMON_BLOCKS = YES;
				GCC_WARN_64_TO_32_BIT_CONVERSION = YES;
				GCC_WARN_ABOUT_RETURN_TYPE = YES_ERROR;
				GCC_WARN_UNDECLARED_SELECTOR = YES;
				GCC_WARN_UNINITIALIZED_AUTOS = YES_AGGRESSIVE;
				GCC_WARN_UNUSED_FUNCTION = YES;
				GCC_WARN_UNUSED_VARIABLE = YES;
				IPHONEOS_DEPLOYMENT_TARGET = 16.0;
				MTL_ENABLE_DEBUG_INFO = NO;
				MTL_FAST_MATH = YES;
				SDKROOT = iphoneos;
				VALIDATE_PRODUCT = YES;
			};
			name = Release;
		};
		ED5C264D28D8C50800B733F0 /* Debug */ = {
			isa = XCBuildConfiguration;
			baseConfigurationReference = 7F477336696C40D52A5BBB6F /* Pods-SampleAppObjC.debug.xcconfig */;
			buildSettings = {
				ASSETCATALOG_COMPILER_APPICON_NAME = AppIcon;
				ASSETCATALOG_COMPILER_GLOBAL_ACCENT_COLOR_NAME = AccentColor;
				CODE_SIGN_STYLE = Automatic;
				CURRENT_PROJECT_VERSION = 1;
				GENERATE_INFOPLIST_FILE = YES;
				INFOPLIST_FILE = SampleAppObjC/Info.plist;
				INFOPLIST_KEY_UIApplicationSupportsIndirectInputEvents = YES;
				INFOPLIST_KEY_UILaunchStoryboardName = LaunchScreen;
				INFOPLIST_KEY_UIMainStoryboardFile = Main;
				INFOPLIST_KEY_UISupportedInterfaceOrientations_iPad = "UIInterfaceOrientationPortrait UIInterfaceOrientationPortraitUpsideDown UIInterfaceOrientationLandscapeLeft UIInterfaceOrientationLandscapeRight";
				INFOPLIST_KEY_UISupportedInterfaceOrientations_iPhone = "UIInterfaceOrientationPortrait UIInterfaceOrientationLandscapeLeft UIInterfaceOrientationLandscapeRight";
				LD_RUNPATH_SEARCH_PATHS = (
					"$(inherited)",
					"@executable_path/Frameworks",
				);
				MARKETING_VERSION = 1.0.0;
				PRODUCT_BUNDLE_IDENTIFIER = com.rudderstack.SampleAppObjC;
				PRODUCT_NAME = "$(TARGET_NAME)";
				SWIFT_EMIT_LOC_STRINGS = YES;
				TARGETED_DEVICE_FAMILY = "1,2";
			};
			name = Debug;
		};
		ED5C264E28D8C50800B733F0 /* Release */ = {
			isa = XCBuildConfiguration;
			baseConfigurationReference = CF6D120243FDF3D8927D77F5 /* Pods-SampleAppObjC.release.xcconfig */;
			buildSettings = {
				ASSETCATALOG_COMPILER_APPICON_NAME = AppIcon;
				ASSETCATALOG_COMPILER_GLOBAL_ACCENT_COLOR_NAME = AccentColor;
				CODE_SIGN_STYLE = Automatic;
				CURRENT_PROJECT_VERSION = 1;
				GENERATE_INFOPLIST_FILE = YES;
				INFOPLIST_FILE = SampleAppObjC/Info.plist;
				INFOPLIST_KEY_UIApplicationSupportsIndirectInputEvents = YES;
				INFOPLIST_KEY_UILaunchStoryboardName = LaunchScreen;
				INFOPLIST_KEY_UIMainStoryboardFile = Main;
				INFOPLIST_KEY_UISupportedInterfaceOrientations_iPad = "UIInterfaceOrientationPortrait UIInterfaceOrientationPortraitUpsideDown UIInterfaceOrientationLandscapeLeft UIInterfaceOrientationLandscapeRight";
				INFOPLIST_KEY_UISupportedInterfaceOrientations_iPhone = "UIInterfaceOrientationPortrait UIInterfaceOrientationLandscapeLeft UIInterfaceOrientationLandscapeRight";
				LD_RUNPATH_SEARCH_PATHS = (
					"$(inherited)",
					"@executable_path/Frameworks",
				);
				MARKETING_VERSION = 1.0.0;
				PRODUCT_BUNDLE_IDENTIFIER = com.rudderstack.SampleAppObjC;
				PRODUCT_NAME = "$(TARGET_NAME)";
				SWIFT_EMIT_LOC_STRINGS = YES;
				TARGETED_DEVICE_FAMILY = "1,2";
			};
			name = Release;
		};
/* End XCBuildConfiguration section */

/* Begin XCConfigurationList section */
		ED5C262E28D8C50700B733F0 /* Build configuration list for PBXProject "SampleAppObjC" */ = {
			isa = XCConfigurationList;
			buildConfigurations = (
				ED5C264A28D8C50800B733F0 /* Debug */,
				ED5C264B28D8C50800B733F0 /* Release */,
			);
			defaultConfigurationIsVisible = 0;
			defaultConfigurationName = Release;
		};
		ED5C264C28D8C50800B733F0 /* Build configuration list for PBXNativeTarget "SampleAppObjC" */ = {
			isa = XCConfigurationList;
			buildConfigurations = (
				ED5C264D28D8C50800B733F0 /* Debug */,
				ED5C264E28D8C50800B733F0 /* Release */,
			);
			defaultConfigurationIsVisible = 0;
			defaultConfigurationName = Release;
		};
/* End XCConfigurationList section */
	};
	rootObject = ED5C262B28D8C50700B733F0 /* Project object */;
}
